
Microsoft Visual Studio Solution File, Format Version 12.00
# Visual Studio 15
VisualStudioVersion = 15.0.28307.168
MinimumVisualStudioVersion = 10.0.40219.1
Project("{FAE04EC0-301F-11D3-BF4B-00C04F79EFBC}") = "c0725450", "c0725450\c0725450.csproj", "{C3879113-0E5C-42CF-AB15-FC035E93B41E}"
EndProject
Global
	GlobalSection(SolutionConfigurationPlatforms) = preSolution
		Debug|Any CPU = Debug|Any CPU
		Release|Any CPU = Release|Any CPU
	EndGlobalSection
	GlobalSection(ProjectConfigurationPlatforms) = postSolution
		{C3879113-0E5C-42CF-AB15-FC035E93B41E}.Debug|Any CPU.ActiveCfg = Debug|Any CPU
		{C3879113-0E5C-42CF-AB15-FC035E93B41E}.Debug|Any CPU.Build.0 = Debug|Any CPU
		{C3879113-0E5C-42CF-AB15-FC035E93B41E}.Release|Any CPU.ActiveCfg = Release|Any CPU
		{C3879113-0E5C-42CF-AB15-FC035E93B41E}.Release|Any CPU.Build.0 = Release|Any CPU
	EndGlobalSection
	GlobalSection(SolutionProperties) = preSolution
		HideSolutionNode = FALSE
	EndGlobalSection
	GlobalSection(ExtensibilityGlobals) = postSolution
		SolutionGuid = {547F9EDC-E5B6-44FA-A003-7322F00916C3}
	EndGlobalSection
EndGlobal
